
Microsoft Visual Studio Solution File, Format Version 12.00
# Visual Studio Version 16
VisualStudioVersion = 16.0.30320.27
MinimumVisualStudioVersion = 10.0.40219.1
Project("{FAE04EC0-301F-11D3-BF4B-00C04F79EFBC}") = "AudacityRPC", "AudacityRPC\AudacityRPC.csproj", "{D9431A47-78B5-4563-9F59-811ECD8570DA}"
EndProject
Global
	GlobalSection(SolutionConfigurationPlatforms) = preSolution
		Debug|Any CPU = Debug|Any CPU
		Release|Any CPU = Release|Any CPU
	EndGlobalSection
	GlobalSection(ProjectConfigurationPlatforms) = postSolution
		{D9431A47-78B5-4563-9F59-811ECD8570DA}.Debug|Any CPU.ActiveCfg = Debug|Any CPU
		{D9431A47-78B5-4563-9F59-811ECD8570DA}.Debug|Any CPU.Build.0 = Debug|Any CPU
		{D9431A47-78B5-4563-9F59-811ECD8570DA}.Release|Any CPU.ActiveCfg = Release|Any CPU
		{D9431A47-78B5-4563-9F59-811ECD8570DA}.Release|Any CPU.Build.0 = Release|Any CPU
	EndGlobalSection
	GlobalSection(SolutionProperties) = preSolution
		HideSolutionNode = FALSE
	EndGlobalSection
	GlobalSection(ExtensibilityGlobals) = postSolution
		SolutionGuid = {2D67FF15-B486-4D26-AAE5-D7D1ED3A5A66}
	EndGlobalSection
EndGlobal
